{
  "name": "abp01-travel-tech-box",
  "lockfileVersion": 3,
  "requires": true,
  "packages": {
    "": {
      "dependencies": {
        "@types/jquery.blockui": "^0.0.33",
        "@types/urijs": "^1.19.25"
      },
      "devDependencies": {
        "wp-types": "^4.67.0"
      }
    },
    "node_modules/@types/jquery": {
      "version": "3.5.32",
      "resolved": "https://registry.npmjs.org/@types/jquery/-/jquery-3.5.32.tgz",
      "integrity": "sha512-b9Xbf4CkMqS02YH8zACqN1xzdxc3cO735Qe5AbSUFmyOiaWAbcpqh9Wna+Uk0vgACvoQHpWDg2rGdHkYPLmCiQ==",
      "license": "MIT",
      "dependencies": {
        "@types/sizzle": "*"
      }
    },
    "node_modules/@types/jquery.blockui": {
      "version": "0.0.33",
      "resolved": "https://registry.npmjs.org/@types/jquery.blockui/-/jquery.blockui-0.0.33.tgz",
      "integrity": "sha512-OZ5ZjCzw9Z9foTMIpbdDtpAEdwQ7uNOpTUZc1ClCyBhZjRMLtPee43ZmAVkxFHOn6jQdh43XOfaPbc4roH8+Jw==",
      "license": "MIT",
      "dependencies": {
        "@types/jquery": "*"
      }
    },
    "node_modules/@types/sizzle": {
      "version": "2.3.9",
      "resolved": "https://registry.npmjs.org/@types/sizzle/-/sizzle-2.3.9.tgz",
      "integrity": "sha512-xzLEyKB50yqCUPUJkIsrVvoWNfFUbIZI+RspLWt8u+tIW/BetMBZtgV2LY/2o+tYH8dRvQ+eoPf3NdhQCcLE2w==",
      "license": "MIT"
    },
    "node_modules/@types/urijs": {
      "version": "1.19.25",
      "resolved": "https://registry.npmjs.org/@types/urijs/-/urijs-1.19.25.tgz",
      "integrity": "sha512-XOfUup9r3Y06nFAZh3WvO0rBU4OtlfPB/vgxpjg+NRdGU6CN6djdc6OEiH+PcqHCY6eFLo9Ista73uarf4gnBg==",
      "license": "MIT"
    },
    "node_modules/typescript": {
      "version": "5.7.3",
      "resolved": "https://registry.npmjs.org/typescript/-/typescript-5.7.3.tgz",
      "integrity": "sha512-84MVSjMEHP+FQRPy3pX9sTVV/INIex71s9TL2Gm5FG/WG1SqXeKyZ0k7/blY/4FdOzI12CBy1vGc4og/eus0fw==",
      "dev": true,
      "license": "Apache-2.0",
      "bin": {
        "tsc": "bin/tsc",
        "tsserver": "bin/tsserver"
      },
      "engines": {
        "node": ">=14.17"
      }
    },
    "node_modules/wp-types": {
      "version": "4.67.0",
      "resolved": "https://registry.npmjs.org/wp-types/-/wp-types-4.67.0.tgz",
      "integrity": "sha512-pf8cDXo3cGLx4GR+lgLz4GzYglRXlv2mkUrkXYLvFDH76ZmYZERNWnvQdWgCJdWpPOXj5cTzv3qvrGKFcRKtXA==",
      "dev": true,
      "license": "MIT",
      "dependencies": {
        "typescript": ">=4"
      },
      "funding": {
        "url": "https://github.com/sponsors/johnbillion"
      }
    }
  }
}
